
Microsoft Visual Studio Solution File, Format Version 12.00
# Visual Studio Version 16
VisualStudioVersion = 16.0.30717.126
MinimumVisualStudioVersion = 10.0.40219.1
Project("{9A19103F-16F7-4668-BE54-9A1E7A4F7556}") = "Facturation.Server", "Server\Facturation.Server.csproj", "{7D68ABEE-D931-4795-AF21-FBD38686D567}"
EndProject
Project("{9A19103F-16F7-4668-BE54-9A1E7A4F7556}") = "Facturation.Client", "Client\Facturation.Client.csproj", "{7874ABD3-21C7-4A0C-902A-BE4D81439FED}"
EndProject
Project("{9A19103F-16F7-4668-BE54-9A1E7A4F7556}") = "Facturation.Shared", "Shared\Facturation.Shared.csproj", "{D3CB6485-BA6B-4534-A04F-F15115E5DDBD}"
EndProject
Global
	GlobalSection(SolutionConfigurationPlatforms) = preSolution
		Debug|Any CPU = Debug|Any CPU
		Release|Any CPU = Release|Any CPU
	EndGlobalSection
	GlobalSection(ProjectConfigurationPlatforms) = postSolution
		{7D68ABEE-D931-4795-AF21-FBD38686D567}.Debug|Any CPU.ActiveCfg = Debug|Any CPU
		{7D68ABEE-D931-4795-AF21-FBD38686D567}.Debug|Any CPU.Build.0 = Debug|Any CPU
		{7D68ABEE-D931-4795-AF21-FBD38686D567}.Release|Any CPU.ActiveCfg = Release|Any CPU
		{7D68ABEE-D931-4795-AF21-FBD38686D567}.Release|Any CPU.Build.0 = Release|Any CPU
		{7874ABD3-21C7-4A0C-902A-BE4D81439FED}.Debug|Any CPU.ActiveCfg = Debug|Any CPU
		{7874ABD3-21C7-4A0C-902A-BE4D81439FED}.Debug|Any CPU.Build.0 = Debug|Any CPU
		{7874ABD3-21C7-4A0C-902A-BE4D81439FED}.Release|Any CPU.ActiveCfg = Release|Any CPU
		{7874ABD3-21C7-4A0C-902A-BE4D81439FED}.Release|Any CPU.Build.0 = Release|Any CPU
		{D3CB6485-BA6B-4534-A04F-F15115E5DDBD}.Debug|Any CPU.ActiveCfg = Debug|Any CPU
		{D3CB6485-BA6B-4534-A04F-F15115E5DDBD}.Debug|Any CPU.Build.0 = Debug|Any CPU
		{D3CB6485-BA6B-4534-A04F-F15115E5DDBD}.Release|Any CPU.ActiveCfg = Release|Any CPU
		{D3CB6485-BA6B-4534-A04F-F15115E5DDBD}.Release|Any CPU.Build.0 = Release|Any CPU
	EndGlobalSection
	GlobalSection(SolutionProperties) = preSolution
		HideSolutionNode = FALSE
	EndGlobalSection
	GlobalSection(ExtensibilityGlobals) = postSolution
		SolutionGuid = {E12E4456-9F94-423D-AA8D-9B2D28E37A6D}
	EndGlobalSection
EndGlobal
